
Microsoft Visual Studio Solution File, Format Version 12.00
# Visual Studio Version 17
VisualStudioVersion = 17.0.32014.148
MinimumVisualStudioVersion = 10.0.40219.1
Project("{FAE04EC0-301F-11D3-BF4B-00C04F79EFBC}") = "WebApplication1", "WebApplication1\WebApplication1.csproj", "{C4985F58-F281-4FC8-A987-842FC11B193F}"
EndProject
Global
	GlobalSection(SolutionConfigurationPlatforms) = preSolution
		Debug|Any CPU = Debug|Any CPU
		Release|Any CPU = Release|Any CPU
	EndGlobalSection
	GlobalSection(ProjectConfigurationPlatforms) = postSolution
		{C4985F58-F281-4FC8-A987-842FC11B193F}.Debug|Any CPU.ActiveCfg = Debug|Any CPU
		{C4985F58-F281-4FC8-A987-842FC11B193F}.Debug|Any CPU.Build.0 = Debug|Any CPU
		{C4985F58-F281-4FC8-A987-842FC11B193F}.Release|Any CPU.ActiveCfg = Release|Any CPU
		{C4985F58-F281-4FC8-A987-842FC11B193F}.Release|Any CPU.Build.0 = Release|Any CPU
	EndGlobalSection
	GlobalSection(SolutionProperties) = preSolution
		HideSolutionNode = FALSE
	EndGlobalSection
	GlobalSection(ExtensibilityGlobals) = postSolution
		SolutionGuid = {BF33DCDD-FE68-4D1D-9E3A-D09DC3D067E8}
	EndGlobalSection
EndGlobal
